# This file is autogenerated, do not edit; changes may be undone by the next 'dep ensure'.


[[projects]]
  branch = "master"
  name = "github.com/armon/go-metrics"
  packages = ["."]
  revision = "783273d703149aaeb9897cf58613d5af48861c25"

[[projects]]
  branch = "master"
  name = "github.com/armon/gomdb"
  packages = ["."]
  revision = "75f545a47e8956a9f84de7d95fafb003dc916831"

[[projects]]
  branch = "master"
  name = "github.com/edsrzf/mmap-go"
  packages = ["."]
  revision = "0bce6a6887123b67a60366d2c9fe2dfb74289d2e"

[[projects]]
  branch = "master"
  name = "github.com/hashicorp/go-immutable-radix"
  packages = ["."]
  revision = "7f3cd4390caab3250a57f30efdb2a65dd7649ecf"

[[projects]]
  branch = "master"
  name = "github.com/hashicorp/go-msgpack"
  packages = ["codec"]
  revision = "fa3f63826f7c23912c15263591e65d54d080b458"

[[projects]]
  branch = "master"
  name = "github.com/hashicorp/golang-lru"
  packages = ["simplelru"]
  revision = "0fb14efe8c47ae851c0034ed7a448854d3d34cf3"

[[projects]]
  name = "github.com/hashicorp/raft"
  packages = ["."]
  revision = "6d14f0c70869faabd9e60ba7ed88a6cbbd6a661f"
  version = "v1.0.0"

[[projects]]
  branch = "master"
  name = "github.com/hashicorp/raft-mdb"
  packages = ["."]
  revision = "55f29473b9e604b3678b93a8433a6cf089e70f76"

[solve-meta]
  analyzer-name = "dep"
  analyzer-version = 1
  inputs-digest = "cd90de6f67254ceb16110a2978dbef94601a6e53b3dca4a9bb54a52234805a22"
  solver-name = "gps-cdcl"
  solver-version = 1
